
Microsoft Visual Studio Solution File, Format Version 12.00
# Visual Studio 15
VisualStudioVersion = 15.0.28307.489
MinimumVisualStudioVersion = 10.0.40219.1
Project("{FAE04EC0-301F-11D3-BF4B-00C04F79EFBC}") = "GF.DillyDally.Wpf.Client", "GF.DillyDally.Wpf.Client\GF.DillyDally.Wpf.Client.csproj", "{65AB5C0D-009D-4870-BAF6-536870F97B74}"
EndProject
Project("{FAE04EC0-301F-11D3-BF4B-00C04F79EFBC}") = "GF.DillyDally.Contracts", "GF.DillyDally.Contracts\GF.DillyDally.Contracts.csproj", "{68646E87-6271-4AE4-BD5F-10615209EB5B}"
EndProject
Project("{FAE04EC0-301F-11D3-BF4B-00C04F79EFBC}") = "GF.DillyDally.Local.Core", "GF.DillyDally.Local.Core\GF.DillyDally.Local.Core.csproj", "{9C641922-049E-49BD-8FED-64385791C402}"
EndProject
Global
	GlobalSection(SolutionConfigurationPlatforms) = preSolution
		Debug|Any CPU = Debug|Any CPU
		Release|Any CPU = Release|Any CPU
	EndGlobalSection
	GlobalSection(ProjectConfigurationPlatforms) = postSolution
		{65AB5C0D-009D-4870-BAF6-536870F97B74}.Debug|Any CPU.ActiveCfg = Debug|Any CPU
		{65AB5C0D-009D-4870-BAF6-536870F97B74}.Debug|Any CPU.Build.0 = Debug|Any CPU
		{65AB5C0D-009D-4870-BAF6-536870F97B74}.Release|Any CPU.ActiveCfg = Release|Any CPU
		{65AB5C0D-009D-4870-BAF6-536870F97B74}.Release|Any CPU.Build.0 = Release|Any CPU
		{68646E87-6271-4AE4-BD5F-10615209EB5B}.Debug|Any CPU.ActiveCfg = Debug|Any CPU
		{68646E87-6271-4AE4-BD5F-10615209EB5B}.Debug|Any CPU.Build.0 = Debug|Any CPU
		{68646E87-6271-4AE4-BD5F-10615209EB5B}.Release|Any CPU.ActiveCfg = Release|Any CPU
		{68646E87-6271-4AE4-BD5F-10615209EB5B}.Release|Any CPU.Build.0 = Release|Any CPU
		{9C641922-049E-49BD-8FED-64385791C402}.Debug|Any CPU.ActiveCfg = Debug|Any CPU
		{9C641922-049E-49BD-8FED-64385791C402}.Debug|Any CPU.Build.0 = Debug|Any CPU
		{9C641922-049E-49BD-8FED-64385791C402}.Release|Any CPU.ActiveCfg = Release|Any CPU
		{9C641922-049E-49BD-8FED-64385791C402}.Release|Any CPU.Build.0 = Release|Any CPU
	EndGlobalSection
	GlobalSection(SolutionProperties) = preSolution
		HideSolutionNode = FALSE
	EndGlobalSection
	GlobalSection(ExtensibilityGlobals) = postSolution
		SolutionGuid = {815C3A0D-4F19-40B4-934D-F8EBD497B35C}
	EndGlobalSection
EndGlobal
