
Microsoft Visual Studio Solution File, Format Version 12.00
# Visual Studio 15
VisualStudioVersion = 15.0.28307.489
MinimumVisualStudioVersion = 10.0.40219.1
Project("{FAE04EC0-301F-11D3-BF4B-00C04F79EFBC}") = "GF.DillyDally.Wpf.Client", "GF.DillyDally.Wpf.Client\GF.DillyDally.Wpf.Client.csproj", "{65AB5C0D-009D-4870-BAF6-536870F97B74}"
EndProject
Project("{9A19103F-16F7-4668-BE54-9A1E7A4F7556}") = "GF.DillyDally.Contracts", "GF.DillyDally.Contracts\GF.DillyDally.Contracts.csproj", "{68646E87-6271-4AE4-BD5F-10615209EB5B}"
EndProject
Project("{FAE04EC0-301F-11D3-BF4B-00C04F79EFBC}") = "GF.DillyDally.Mvvmc", "GF.DillyDally.Mvvmc\GF.DillyDally.Mvvmc.csproj", "{2991A81D-E0E1-4143-AC99-395B5191ADBD}"
EndProject
Project("{FAE04EC0-301F-11D3-BF4B-00C04F79EFBC}") = "GF.DillyDally.Domain", "GF.DillyDally.Domain\GF.DillyDally.Domain.csproj", "{5E931F79-1C48-474E-BDC3-F8B859A6A9C4}"
EndProject
Project("{FAE04EC0-301F-11D3-BF4B-00C04F79EFBC}") = "GF.DillyDally.Data", "GF.DillyDally.Data\GF.DillyDally.Data.csproj", "{FDC6883A-7D43-4A81-A274-67E082185293}"
EndProject
Project("{FAE04EC0-301F-11D3-BF4B-00C04F79EFBC}") = "GF.DillyDally.ExternalLibraries", "GF.DillyDally.ExternalLibraries\GF.DillyDally.ExternalLibraries.csproj", "{D5AB61AF-1E18-491F-8F08-31803FE6F146}"
EndProject
Global
	GlobalSection(SolutionConfigurationPlatforms) = preSolution
		Debug|Any CPU = Debug|Any CPU
		Release|Any CPU = Release|Any CPU
	EndGlobalSection
	GlobalSection(ProjectConfigurationPlatforms) = postSolution
		{65AB5C0D-009D-4870-BAF6-536870F97B74}.Debug|Any CPU.ActiveCfg = Debug|Any CPU
		{65AB5C0D-009D-4870-BAF6-536870F97B74}.Debug|Any CPU.Build.0 = Debug|Any CPU
		{65AB5C0D-009D-4870-BAF6-536870F97B74}.Release|Any CPU.ActiveCfg = Release|Any CPU
		{65AB5C0D-009D-4870-BAF6-536870F97B74}.Release|Any CPU.Build.0 = Release|Any CPU
		{68646E87-6271-4AE4-BD5F-10615209EB5B}.Debug|Any CPU.ActiveCfg = Debug|Any CPU
		{68646E87-6271-4AE4-BD5F-10615209EB5B}.Debug|Any CPU.Build.0 = Debug|Any CPU
		{68646E87-6271-4AE4-BD5F-10615209EB5B}.Release|Any CPU.ActiveCfg = Release|Any CPU
		{68646E87-6271-4AE4-BD5F-10615209EB5B}.Release|Any CPU.Build.0 = Release|Any CPU
		{2991A81D-E0E1-4143-AC99-395B5191ADBD}.Debug|Any CPU.ActiveCfg = Debug|Any CPU
		{2991A81D-E0E1-4143-AC99-395B5191ADBD}.Debug|Any CPU.Build.0 = Debug|Any CPU
		{2991A81D-E0E1-4143-AC99-395B5191ADBD}.Release|Any CPU.ActiveCfg = Release|Any CPU
		{2991A81D-E0E1-4143-AC99-395B5191ADBD}.Release|Any CPU.Build.0 = Release|Any CPU
		{5E931F79-1C48-474E-BDC3-F8B859A6A9C4}.Debug|Any CPU.ActiveCfg = Debug|Any CPU
		{5E931F79-1C48-474E-BDC3-F8B859A6A9C4}.Debug|Any CPU.Build.0 = Debug|Any CPU
		{5E931F79-1C48-474E-BDC3-F8B859A6A9C4}.Release|Any CPU.ActiveCfg = Release|Any CPU
		{5E931F79-1C48-474E-BDC3-F8B859A6A9C4}.Release|Any CPU.Build.0 = Release|Any CPU
		{FDC6883A-7D43-4A81-A274-67E082185293}.Debug|Any CPU.ActiveCfg = Debug|Any CPU
		{FDC6883A-7D43-4A81-A274-67E082185293}.Debug|Any CPU.Build.0 = Debug|Any CPU
		{FDC6883A-7D43-4A81-A274-67E082185293}.Release|Any CPU.ActiveCfg = Release|Any CPU
		{FDC6883A-7D43-4A81-A274-67E082185293}.Release|Any CPU.Build.0 = Release|Any CPU
		{D5AB61AF-1E18-491F-8F08-31803FE6F146}.Debug|Any CPU.ActiveCfg = Debug|Any CPU
		{D5AB61AF-1E18-491F-8F08-31803FE6F146}.Debug|Any CPU.Build.0 = Debug|Any CPU
		{D5AB61AF-1E18-491F-8F08-31803FE6F146}.Release|Any CPU.ActiveCfg = Release|Any CPU
		{D5AB61AF-1E18-491F-8F08-31803FE6F146}.Release|Any CPU.Build.0 = Release|Any CPU
	EndGlobalSection
	GlobalSection(SolutionProperties) = preSolution
		HideSolutionNode = FALSE
	EndGlobalSection
	GlobalSection(ExtensibilityGlobals) = postSolution
		SolutionGuid = {815C3A0D-4F19-40B4-934D-F8EBD497B35C}
	EndGlobalSection
EndGlobal
